
Microsoft Visual Studio Solution File, Format Version 12.00
# Visual Studio Version 16
VisualStudioVersion = 16.0.30907.101
MinimumVisualStudioVersion = 10.0.40219.1
Project("{9A19103F-16F7-4668-BE54-9A1E7A4F7556}") = "AirCC.Portal", "AirCC.Portal\AirCC.Portal.csproj", "{774E1AB9-7BCC-4198-9B20-9A5B737D6B56}"
EndProject
Project("{9A19103F-16F7-4668-BE54-9A1E7A4F7556}") = "AirCC.Client", "AirCC.Client\AirCC.Client.csproj", "{94924D58-3B44-481E-AD6C-9A76A4317540}"
EndProject
Project("{2150E333-8FDC-42A3-9474-1A3956D46DE8}") = "Demos", "Demos", "{9C1251DD-1EAB-47E5-91A6-8774CCC25950}"
EndProject
Project("{9A19103F-16F7-4668-BE54-9A1E7A4F7556}") = "NetCoreWeb.Demo", "Demos\NetCoreWeb.Demo\NetCoreWeb.Demo.csproj", "{BFFC9299-6407-424D-B8F7-EF996DC31592}"
EndProject
Project("{9A19103F-16F7-4668-BE54-9A1E7A4F7556}") = "AirCCClient.Web", "AirCCClient.Web\AirCCClient.Web.csproj", "{4B2F989E-F7C0-4D3A-8EFE-61188143B30F}"
EndProject
Project("{2150E333-8FDC-42A3-9474-1A3956D46DE8}") = "Tests", "Tests", "{A99132C6-34E7-41E7-B9A9-B9AEB39E1E4B}"
EndProject
Project("{9A19103F-16F7-4668-BE54-9A1E7A4F7556}") = "AirCC.Client.UnitTest", "Tests\AirCC.Client.UnitTest\AirCC.Client.UnitTest.csproj", "{F91517A3-A060-4AC5-A204-7CF7C45165EA}"
EndProject
Project("{2150E333-8FDC-42A3-9474-1A3956D46DE8}") = "Solution Items", "Solution Items", "{9AB580BA-D837-4D49-9347-DF309BB34050}"
	ProjectSection(SolutionItems) = preProject
		unittest.runsettings = unittest.runsettings
	EndProjectSection
EndProject
Project("{2150E333-8FDC-42A3-9474-1A3956D46DE8}") = "Portal", "Portal", "{8704E726-0495-4A6C-84E8-2A694978661B}"
EndProject
Project("{2150E333-8FDC-42A3-9474-1A3956D46DE8}") = "Client", "Client", "{74CAA6F2-500D-4BF7-8F3B-F9D1FA0F8426}"
EndProject
Project("{9A19103F-16F7-4668-BE54-9A1E7A4F7556}") = "AirCC.Portal.AppService", "AirCC.Portal.Service\AirCC.Portal.AppService.csproj", "{2DD1897A-6B37-47D0-93BC-29BB35B22464}"
EndProject
Project("{9A19103F-16F7-4668-BE54-9A1E7A4F7556}") = "AirCC.Portal.EntityFramework", "AirCC.Portal.Data\AirCC.Portal.EntityFramework.csproj", "{5FE0A948-AAE5-4410-A31F-94E59E149C8E}"
EndProject
Project("{9A19103F-16F7-4668-BE54-9A1E7A4F7556}") = "AirCC.Portal.Domain", "AirCC.Portal.Domain\AirCC.Portal.Domain.csproj", "{1DDBEB4F-41D7-4393-A515-4CC46F1A4C44}"
EndProject
Project("{9A19103F-16F7-4668-BE54-9A1E7A4F7556}") = "AirCC.Portal.Domain.UnitTest", "Tests\AirCC.Portal.Domain.UnitTest\AirCC.Portal.Domain.UnitTest.csproj", "{D97096FF-3C89-4F77-8BEE-A25F45BE858F}"
EndProject
Project("{9A19103F-16F7-4668-BE54-9A1E7A4F7556}") = "AirCC.Portal.Infrastructure", "AirCC.Portal.Infrastructure\AirCC.Portal.Infrastructure.csproj", "{A2004F24-4783-48F0-A9D3-010D2F13447F}"
EndProject
Project("{FAE04EC0-301F-11D3-BF4B-00C04F79EFBC}") = "NetCoreConsole.Demo", "Demos\NetCoreConsole.Demo\NetCoreConsole.Demo.csproj", "{96E5C40F-F853-4DBB-A747-092EBFE91931}"
EndProject
Global
	GlobalSection(SolutionConfigurationPlatforms) = preSolution
		Debug|Any CPU = Debug|Any CPU
		Release|Any CPU = Release|Any CPU
	EndGlobalSection
	GlobalSection(ProjectConfigurationPlatforms) = postSolution
		{774E1AB9-7BCC-4198-9B20-9A5B737D6B56}.Debug|Any CPU.ActiveCfg = Debug|Any CPU
		{774E1AB9-7BCC-4198-9B20-9A5B737D6B56}.Debug|Any CPU.Build.0 = Debug|Any CPU
		{774E1AB9-7BCC-4198-9B20-9A5B737D6B56}.Release|Any CPU.ActiveCfg = Release|Any CPU
		{774E1AB9-7BCC-4198-9B20-9A5B737D6B56}.Release|Any CPU.Build.0 = Release|Any CPU
		{94924D58-3B44-481E-AD6C-9A76A4317540}.Debug|Any CPU.ActiveCfg = Debug|Any CPU
		{94924D58-3B44-481E-AD6C-9A76A4317540}.Debug|Any CPU.Build.0 = Debug|Any CPU
		{94924D58-3B44-481E-AD6C-9A76A4317540}.Release|Any CPU.ActiveCfg = Release|Any CPU
		{94924D58-3B44-481E-AD6C-9A76A4317540}.Release|Any CPU.Build.0 = Release|Any CPU
		{BFFC9299-6407-424D-B8F7-EF996DC31592}.Debug|Any CPU.ActiveCfg = Debug|Any CPU
		{BFFC9299-6407-424D-B8F7-EF996DC31592}.Debug|Any CPU.Build.0 = Debug|Any CPU
		{BFFC9299-6407-424D-B8F7-EF996DC31592}.Release|Any CPU.ActiveCfg = Release|Any CPU
		{BFFC9299-6407-424D-B8F7-EF996DC31592}.Release|Any CPU.Build.0 = Release|Any CPU
		{4B2F989E-F7C0-4D3A-8EFE-61188143B30F}.Debug|Any CPU.ActiveCfg = Debug|Any CPU
		{4B2F989E-F7C0-4D3A-8EFE-61188143B30F}.Debug|Any CPU.Build.0 = Debug|Any CPU
		{4B2F989E-F7C0-4D3A-8EFE-61188143B30F}.Release|Any CPU.ActiveCfg = Release|Any CPU
		{4B2F989E-F7C0-4D3A-8EFE-61188143B30F}.Release|Any CPU.Build.0 = Release|Any CPU
		{F91517A3-A060-4AC5-A204-7CF7C45165EA}.Debug|Any CPU.ActiveCfg = Debug|Any CPU
		{F91517A3-A060-4AC5-A204-7CF7C45165EA}.Debug|Any CPU.Build.0 = Debug|Any CPU
		{F91517A3-A060-4AC5-A204-7CF7C45165EA}.Release|Any CPU.ActiveCfg = Release|Any CPU
		{F91517A3-A060-4AC5-A204-7CF7C45165EA}.Release|Any CPU.Build.0 = Release|Any CPU
		{2DD1897A-6B37-47D0-93BC-29BB35B22464}.Debug|Any CPU.ActiveCfg = Debug|Any CPU
		{2DD1897A-6B37-47D0-93BC-29BB35B22464}.Debug|Any CPU.Build.0 = Debug|Any CPU
		{2DD1897A-6B37-47D0-93BC-29BB35B22464}.Release|Any CPU.ActiveCfg = Release|Any CPU
		{2DD1897A-6B37-47D0-93BC-29BB35B22464}.Release|Any CPU.Build.0 = Release|Any CPU
		{5FE0A948-AAE5-4410-A31F-94E59E149C8E}.Debug|Any CPU.ActiveCfg = Debug|Any CPU
		{5FE0A948-AAE5-4410-A31F-94E59E149C8E}.Debug|Any CPU.Build.0 = Debug|Any CPU
		{5FE0A948-AAE5-4410-A31F-94E59E149C8E}.Release|Any CPU.ActiveCfg = Release|Any CPU
		{5FE0A948-AAE5-4410-A31F-94E59E149C8E}.Release|Any CPU.Build.0 = Release|Any CPU
		{1DDBEB4F-41D7-4393-A515-4CC46F1A4C44}.Debug|Any CPU.ActiveCfg = Debug|Any CPU
		{1DDBEB4F-41D7-4393-A515-4CC46F1A4C44}.Debug|Any CPU.Build.0 = Debug|Any CPU
		{1DDBEB4F-41D7-4393-A515-4CC46F1A4C44}.Release|Any CPU.ActiveCfg = Release|Any CPU
		{1DDBEB4F-41D7-4393-A515-4CC46F1A4C44}.Release|Any CPU.Build.0 = Release|Any CPU
		{D97096FF-3C89-4F77-8BEE-A25F45BE858F}.Debug|Any CPU.ActiveCfg = Debug|Any CPU
		{D97096FF-3C89-4F77-8BEE-A25F45BE858F}.Debug|Any CPU.Build.0 = Debug|Any CPU
		{D97096FF-3C89-4F77-8BEE-A25F45BE858F}.Release|Any CPU.ActiveCfg = Release|Any CPU
		{D97096FF-3C89-4F77-8BEE-A25F45BE858F}.Release|Any CPU.Build.0 = Release|Any CPU
		{A2004F24-4783-48F0-A9D3-010D2F13447F}.Debug|Any CPU.ActiveCfg = Debug|Any CPU
		{A2004F24-4783-48F0-A9D3-010D2F13447F}.Debug|Any CPU.Build.0 = Debug|Any CPU
		{A2004F24-4783-48F0-A9D3-010D2F13447F}.Release|Any CPU.ActiveCfg = Release|Any CPU
		{A2004F24-4783-48F0-A9D3-010D2F13447F}.Release|Any CPU.Build.0 = Release|Any CPU
		{96E5C40F-F853-4DBB-A747-092EBFE91931}.Debug|Any CPU.ActiveCfg = Debug|Any CPU
		{96E5C40F-F853-4DBB-A747-092EBFE91931}.Debug|Any CPU.Build.0 = Debug|Any CPU
		{96E5C40F-F853-4DBB-A747-092EBFE91931}.Release|Any CPU.ActiveCfg = Release|Any CPU
		{96E5C40F-F853-4DBB-A747-092EBFE91931}.Release|Any CPU.Build.0 = Release|Any CPU
	EndGlobalSection
	GlobalSection(SolutionProperties) = preSolution
		HideSolutionNode = FALSE
	EndGlobalSection
	GlobalSection(NestedProjects) = preSolution
		{774E1AB9-7BCC-4198-9B20-9A5B737D6B56} = {8704E726-0495-4A6C-84E8-2A694978661B}
		{94924D58-3B44-481E-AD6C-9A76A4317540} = {74CAA6F2-500D-4BF7-8F3B-F9D1FA0F8426}
		{BFFC9299-6407-424D-B8F7-EF996DC31592} = {9C1251DD-1EAB-47E5-91A6-8774CCC25950}
		{4B2F989E-F7C0-4D3A-8EFE-61188143B30F} = {74CAA6F2-500D-4BF7-8F3B-F9D1FA0F8426}
		{F91517A3-A060-4AC5-A204-7CF7C45165EA} = {A99132C6-34E7-41E7-B9A9-B9AEB39E1E4B}
		{2DD1897A-6B37-47D0-93BC-29BB35B22464} = {8704E726-0495-4A6C-84E8-2A694978661B}
		{5FE0A948-AAE5-4410-A31F-94E59E149C8E} = {8704E726-0495-4A6C-84E8-2A694978661B}
		{1DDBEB4F-41D7-4393-A515-4CC46F1A4C44} = {8704E726-0495-4A6C-84E8-2A694978661B}
		{D97096FF-3C89-4F77-8BEE-A25F45BE858F} = {A99132C6-34E7-41E7-B9A9-B9AEB39E1E4B}
		{A2004F24-4783-48F0-A9D3-010D2F13447F} = {8704E726-0495-4A6C-84E8-2A694978661B}
		{96E5C40F-F853-4DBB-A747-092EBFE91931} = {9C1251DD-1EAB-47E5-91A6-8774CCC25950}
	EndGlobalSection
	GlobalSection(ExtensibilityGlobals) = postSolution
		SolutionGuid = {408FF6E7-4D6D-4FF1-98A9-6C1F5B4EADC6}
	EndGlobalSection
EndGlobal
